{
  "name": "my-algorithm-notes",
  "lockfileVersion": 3,
  "requires": true,
  "packages": {
    "": {
      "dependencies": {
        "@datastructures-js/linked-list": "^6.1.1"
      }
    },
    "node_modules/@datastructures-js/linked-list": {
      "version": "6.1.1",
      "resolved": "https://registry.npmjs.org/@datastructures-js/linked-list/-/linked-list-6.1.1.tgz",
      "integrity": "sha512-nb463C34dh8gVuicDpl44WP7Cz6SGNG9++U7OTzG5plQMLTjoitvCaCdJug1BAHutC4FBYagfBdfiPJORjvslA=="
    }
  }
}
